{
  "name": "scripts",
  "version": "1.0.0",
  "lockfileVersion": 3,
  "requires": true,
  "packages": {
    "": {
      "name": "scripts",
      "version": "1.0.0",
      "license": "ISC",
      "dependencies": {
        "mgrs": "^2.2.0",
        "playwright-core": "^1.62.1"
      }
    },
    "node_modules/mgrs": {
      "version": "2.2.0",
      "resolved": "https://registry.npmjs.org/mgrs/-/mgrs-2.2.0.tgz",
      "integrity": "sha512-BHeewhEJ1n2MOFKvGXFPMxgfczWArFGltBYSZ+JTzlNfHSwJ7gEsXGXFjaU619yLmpmtyoLHu+d8Sd6ACsd0QA==",
      "license": "MIT"
    },
    "node_modules/playwright-core": {
      "version": "1.62.1",
      "resolved": "https://registry.npmjs.org/playwright-core/-/playwright-core-1.62.1.tgz",
      "integrity": "sha512-wPYSwEBJY9GHraISXqyqtx0na0LpO3XEX7jNDhntbex7tzUS7kLnZsOlFruFJB4Hi/rhDMjXGqHewDZ68nYZVw==",
      "license": "Apache-2.0",
      "bin": {
        "playwright-core": "cli.js"
      },
      "engines": {
        "node": ">=20"
      }
    }
  }
}
